
Microsoft Visual Studio Solution File, Format Version 12.00
# Visual Studio 15
VisualStudioVersion = 15.0.28010.2048
MinimumVisualStudioVersion = 10.0.40219.1
Project("{FAE04EC0-301F-11D3-BF4B-00C04F79EFBC}") = "EX32", "EX32\EX32.csproj", "{AF2612A9-C850-468B-AA73-CA79DC8EF366}"
EndProject
Project("{FAE04EC0-301F-11D3-BF4B-00C04F79EFBC}") = "Database", "Database\Database.csproj", "{A9B834A1-E638-4022-AFD6-0A2B2474C0A7}"
EndProject
Project("{FAE04EC0-301F-11D3-BF4B-00C04F79EFBC}") = "Database Menu", "Database Menu\Database Menu.csproj", "{D647F5B0-7AFE-42B6-8B5C-7F491355FB5D}"
EndProject
Global
	GlobalSection(SolutionConfigurationPlatforms) = preSolution
		Debug|Any CPU = Debug|Any CPU
		Release|Any CPU = Release|Any CPU
	EndGlobalSection
	GlobalSection(ProjectConfigurationPlatforms) = postSolution
		{AF2612A9-C850-468B-AA73-CA79DC8EF366}.Debug|Any CPU.ActiveCfg = Debug|Any CPU
		{AF2612A9-C850-468B-AA73-CA79DC8EF366}.Debug|Any CPU.Build.0 = Debug|Any CPU
		{AF2612A9-C850-468B-AA73-CA79DC8EF366}.Release|Any CPU.ActiveCfg = Release|Any CPU
		{AF2612A9-C850-468B-AA73-CA79DC8EF366}.Release|Any CPU.Build.0 = Release|Any CPU
		{A9B834A1-E638-4022-AFD6-0A2B2474C0A7}.Debug|Any CPU.ActiveCfg = Debug|Any CPU
		{A9B834A1-E638-4022-AFD6-0A2B2474C0A7}.Debug|Any CPU.Build.0 = Debug|Any CPU
		{A9B834A1-E638-4022-AFD6-0A2B2474C0A7}.Release|Any CPU.ActiveCfg = Release|Any CPU
		{A9B834A1-E638-4022-AFD6-0A2B2474C0A7}.Release|Any CPU.Build.0 = Release|Any CPU
		{D647F5B0-7AFE-42B6-8B5C-7F491355FB5D}.Debug|Any CPU.ActiveCfg = Debug|Any CPU
		{D647F5B0-7AFE-42B6-8B5C-7F491355FB5D}.Debug|Any CPU.Build.0 = Debug|Any CPU
		{D647F5B0-7AFE-42B6-8B5C-7F491355FB5D}.Release|Any CPU.ActiveCfg = Release|Any CPU
		{D647F5B0-7AFE-42B6-8B5C-7F491355FB5D}.Release|Any CPU.Build.0 = Release|Any CPU
	EndGlobalSection
	GlobalSection(SolutionProperties) = preSolution
		HideSolutionNode = FALSE
	EndGlobalSection
	GlobalSection(ExtensibilityGlobals) = postSolution
		SolutionGuid = {68FA8FF3-4DF9-48E3-BE38-2CDB6B8A5445}
	EndGlobalSection
EndGlobal
